#MicroXplorer Configuration settings - do not modify
ADC1.Channel-5\#ChannelRegularConversion=ADC_CHANNEL_VOPAMP1
ADC1.CommonPathInternal=null|null|null|null
ADC1.ContinuousConvMode=DISABLE
ADC1.DMAContinuousRequests=ENABLE
ADC1.ExternalTrigConv=ADC_EXTERNALTRIG_HRTIM_TRG3
ADC1.IPParameters=NbrOfConversionFlag,Channel-5\#ChannelRegularConversion,DMAContinuousRequests,ContinuousConvMode,ExternalTrigConv,NbrOfConversion,OversamplingMode,RightBitShift,LowPowerAutoWait,Ratio,OversamplingStopReset,master,CommonPathInternal
ADC1.LowPowerAutoWait=DISABLE
ADC1.NbrOfConversion=1
ADC1.NbrOfConversionFlag=1
ADC1.OversamplingMode=ENABLE
ADC1.OversamplingStopReset=ADC_REGOVERSAMPLING_CONTINUED_MODE
ADC1.Ratio=ADC_OVERSAMPLING_RATIO_16
ADC1.RightBitShift=ADC_RIGHTBITSHIFT_NONE
ADC1.master=1
ADC2.Channel-1\#ChannelRegularConversion=ADC_CHANNEL_VOPAMP2
ADC2.CommonPathInternal=null|null|null|null
ADC2.ContinuousConvMode=DISABLE
ADC2.DMAContinuousRequests=ENABLE
ADC2.ExternalTrigConv=ADC_EXTERNALTRIG_HRTIM_TRG3
ADC2.IPParameters=Rank-1\#ChannelRegularConversion,Channel-1\#ChannelRegularConversion,SamplingTime-1\#ChannelRegularConversion,OffsetNumber-1\#ChannelRegularConversion,NbrOfConversionFlag,ContinuousConvMode,DMAContinuousRequests,OversamplingMode,RightBitShift,Ratio,ExternalTrigConv,CommonPathInternal
ADC2.NbrOfConversionFlag=1
ADC2.OffsetNumber-1\#ChannelRegularConversion=ADC_OFFSET_NONE
ADC2.OversamplingMode=ENABLE
ADC2.Rank-1\#ChannelRegularConversion=1
ADC2.Ratio=ADC_OVERSAMPLING_RATIO_16
ADC2.RightBitShift=ADC_RIGHTBITSHIFT_NONE
ADC2.SamplingTime-1\#ChannelRegularConversion=ADC_SAMPLETIME_2CYCLES_5
ADC3.Channel-2\#ChannelRegularConversion=ADC_CHANNEL_1
ADC3.CommonPathInternal=null|null|null|null
ADC3.ContinuousConvMode=DISABLE
ADC3.DMAContinuousRequests=ENABLE
ADC3.ExternalTrigConv=ADC_EXTERNALTRIG_HRTIM_TRG2
ADC3.IPParameters=Rank-2\#ChannelRegularConversion,Channel-2\#ChannelRegularConversion,SamplingTime-2\#ChannelRegularConversion,OffsetNumber-2\#ChannelRegularConversion,NbrOfConversionFlag,ContinuousConvMode,DMAContinuousRequests,OversamplingMode,RightBitShift,Ratio,NbrOfConversion,master,ExternalTrigConv,CommonPathInternal
ADC3.NbrOfConversion=1
ADC3.NbrOfConversionFlag=1
ADC3.OffsetNumber-2\#ChannelRegularConversion=ADC_OFFSET_NONE
ADC3.OversamplingMode=ENABLE
ADC3.Rank-2\#ChannelRegularConversion=1
ADC3.Ratio=ADC_OVERSAMPLING_RATIO_256
ADC3.RightBitShift=ADC_RIGHTBITSHIFT_4
ADC3.SamplingTime-2\#ChannelRegularConversion=ADC_SAMPLETIME_2CYCLES_5
ADC3.master=1
ADC4.Channel-10\#ChannelRegularConversion=ADC_CHANNEL_4
ADC4.Channel-11\#ChannelRegularConversion=ADC_CHANNEL_4
ADC4.CommonPathInternal=null|null|null|null
ADC4.ContinuousConvMode=DISABLE
ADC4.DMAContinuousRequests=ENABLE
ADC4.ExternalTrigConv=ADC_EXTERNALTRIG_HRTIM_TRG2
ADC4.IPParameters=Rank-10\#ChannelRegularConversion,Channel-10\#ChannelRegularConversion,SamplingTime-10\#ChannelRegularConversion,OffsetNumber-10\#ChannelRegularConversion,NbrOfConversionFlag,NbrOfConversion,DMAContinuousRequests,ContinuousConvMode,OversamplingMode,RightBitShift,Ratio,Rank-11\#ChannelRegularConversion,Channel-11\#ChannelRegularConversion,SamplingTime-11\#ChannelRegularConversion,OffsetNumber-11\#ChannelRegularConversion,ExternalTrigConv,CommonPathInternal
ADC4.NbrOfConversion=2
ADC4.NbrOfConversionFlag=1
ADC4.OffsetNumber-10\#ChannelRegularConversion=ADC_OFFSET_NONE
ADC4.OffsetNumber-11\#ChannelRegularConversion=ADC_OFFSET_NONE
ADC4.OversamplingMode=ENABLE
ADC4.Rank-10\#ChannelRegularConversion=1
ADC4.Rank-11\#ChannelRegularConversion=2
ADC4.Ratio=ADC_OVERSAMPLING_RATIO_256
ADC4.RightBitShift=ADC_RIGHTBITSHIFT_4
ADC4.SamplingTime-10\#ChannelRegularConversion=ADC_SAMPLETIME_2CYCLES_5
ADC4.SamplingTime-11\#ChannelRegularConversion=ADC_SAMPLETIME_2CYCLES_5
ADC5.Channel-0\#ChannelRegularConversion=ADC_CHANNEL_VOPAMP4
ADC5.ClockPrescaler=ADC_CLOCK_SYNC_PCLK_DIV4
ADC5.CommonPathInternal=null|null|null|null
ADC5.ContinuousConvMode=DISABLE
ADC5.DMAContinuousRequests=ENABLE
ADC5.ExternalTrigConv=ADC_EXTERNALTRIG_HRTIM_TRG1
ADC5.IPParameters=Rank-0\#ChannelRegularConversion,Channel-0\#ChannelRegularConversion,SamplingTime-0\#ChannelRegularConversion,OffsetNumber-0\#ChannelRegularConversion,NbrOfConversionFlag,Resolution,ContinuousConvMode,DMAContinuousRequests,OversamplingMode,RightBitShift,Ratio,NbrOfConversion,ExternalTrigConv,ClockPrescaler,CommonPathInternal
ADC5.NbrOfConversion=1
ADC5.NbrOfConversionFlag=1
ADC5.OffsetNumber-0\#ChannelRegularConversion=ADC_OFFSET_NONE
ADC5.OversamplingMode=ENABLE
ADC5.Rank-0\#ChannelRegularConversion=1
ADC5.Ratio=ADC_OVERSAMPLING_RATIO_16
ADC5.Resolution=ADC_RESOLUTION_12B
ADC5.RightBitShift=ADC_RIGHTBITSHIFT_NONE
ADC5.SamplingTime-0\#ChannelRegularConversion=ADC_SAMPLETIME_2CYCLES_5
CAD.formats=
CAD.pinconfig=
CAD.provider=
Dma.ADC1.0.Direction=DMA_PERIPH_TO_MEMORY
Dma.ADC1.0.EventEnable=DISABLE
Dma.ADC1.0.Instance=DMA1_Channel1
Dma.ADC1.0.MemDataAlignment=DMA_MDATAALIGN_HALFWORD
Dma.ADC1.0.MemInc=DMA_MINC_ENABLE
Dma.ADC1.0.Mode=DMA_CIRCULAR
Dma.ADC1.0.PeriphDataAlignment=DMA_PDATAALIGN_HALFWORD
Dma.ADC1.0.PeriphInc=DMA_PINC_DISABLE
Dma.ADC1.0.Polarity=HAL_DMAMUX_REQ_GEN_RISING
Dma.ADC1.0.Priority=DMA_PRIORITY_HIGH
Dma.ADC1.0.RequestNumber=1
Dma.ADC1.0.RequestParameters=Instance,Direction,PeriphInc,MemInc,PeriphDataAlignment,MemDataAlignment,Mode,Priority,SignalID,Polarity,RequestNumber,SyncSignalID,SyncPolarity,SyncEnable,EventEnable,SyncRequestNumber
Dma.ADC1.0.SignalID=NONE
Dma.ADC1.0.SyncEnable=DISABLE
Dma.ADC1.0.SyncPolarity=HAL_DMAMUX_SYNC_NO_EVENT
Dma.ADC1.0.SyncRequestNumber=1
Dma.ADC1.0.SyncSignalID=NONE
Dma.ADC2.3.Direction=DMA_PERIPH_TO_MEMORY
Dma.ADC2.3.EventEnable=DISABLE
Dma.ADC2.3.Instance=DMA1_Channel5
Dma.ADC2.3.MemDataAlignment=DMA_MDATAALIGN_HALFWORD
Dma.ADC2.3.MemInc=DMA_MINC_ENABLE
Dma.ADC2.3.Mode=DMA_CIRCULAR
Dma.ADC2.3.PeriphDataAlignment=DMA_PDATAALIGN_HALFWORD
Dma.ADC2.3.PeriphInc=DMA_PINC_DISABLE
Dma.ADC2.3.Polarity=HAL_DMAMUX_REQ_GEN_RISING
Dma.ADC2.3.Priority=DMA_PRIORITY_HIGH
Dma.ADC2.3.RequestNumber=1
Dma.ADC2.3.RequestParameters=Instance,Direction,PeriphInc,MemInc,PeriphDataAlignment,MemDataAlignment,Mode,Priority,SignalID,Polarity,RequestNumber,SyncSignalID,SyncPolarity,SyncEnable,EventEnable,SyncRequestNumber
Dma.ADC2.3.SignalID=NONE
Dma.ADC2.3.SyncEnable=DISABLE
Dma.ADC2.3.SyncPolarity=HAL_DMAMUX_SYNC_NO_EVENT
Dma.ADC2.3.SyncRequestNumber=1
Dma.ADC2.3.SyncSignalID=NONE
Dma.ADC3.6.Direction=DMA_PERIPH_TO_MEMORY
Dma.ADC3.6.EventEnable=DISABLE
Dma.ADC3.6.Instance=DMA1_Channel2
Dma.ADC3.6.MemDataAlignment=DMA_MDATAALIGN_HALFWORD
Dma.ADC3.6.MemInc=DMA_MINC_ENABLE
Dma.ADC3.6.Mode=DMA_CIRCULAR
Dma.ADC3.6.PeriphDataAlignment=DMA_PDATAALIGN_HALFWORD
Dma.ADC3.6.PeriphInc=DMA_PINC_DISABLE
Dma.ADC3.6.Polarity=HAL_DMAMUX_REQ_GEN_RISING
Dma.ADC3.6.Priority=DMA_PRIORITY_HIGH
Dma.ADC3.6.RequestNumber=1
Dma.ADC3.6.RequestParameters=Instance,Direction,PeriphInc,MemInc,PeriphDataAlignment,MemDataAlignment,Mode,Priority,SignalID,Polarity,RequestNumber,SyncSignalID,SyncPolarity,SyncEnable,EventEnable,SyncRequestNumber
Dma.ADC3.6.SignalID=NONE
Dma.ADC3.6.SyncEnable=DISABLE
Dma.ADC3.6.SyncPolarity=HAL_DMAMUX_SYNC_NO_EVENT
Dma.ADC3.6.SyncRequestNumber=1
Dma.ADC3.6.SyncSignalID=NONE
Dma.ADC4.5.Direction=DMA_PERIPH_TO_MEMORY
Dma.ADC4.5.EventEnable=DISABLE
Dma.ADC4.5.Instance=DMA1_Channel7
Dma.ADC4.5.MemDataAlignment=DMA_MDATAALIGN_HALFWORD
Dma.ADC4.5.MemInc=DMA_MINC_ENABLE
Dma.ADC4.5.Mode=DMA_CIRCULAR
Dma.ADC4.5.PeriphDataAlignment=DMA_PDATAALIGN_HALFWORD
Dma.ADC4.5.PeriphInc=DMA_PINC_DISABLE
Dma.ADC4.5.Polarity=HAL_DMAMUX_REQ_GEN_RISING
Dma.ADC4.5.Priority=DMA_PRIORITY_VERY_HIGH
Dma.ADC4.5.RequestNumber=1
Dma.ADC4.5.RequestParameters=Instance,Direction,PeriphInc,MemInc,PeriphDataAlignment,MemDataAlignment,Mode,Priority,SignalID,Polarity,RequestNumber,SyncSignalID,SyncPolarity,SyncEnable,EventEnable,SyncRequestNumber
Dma.ADC4.5.SignalID=NONE
Dma.ADC4.5.SyncEnable=DISABLE
Dma.ADC4.5.SyncPolarity=HAL_DMAMUX_SYNC_NO_EVENT
Dma.ADC4.5.SyncRequestNumber=1
Dma.ADC4.5.SyncSignalID=NONE
Dma.ADC5.4.Direction=DMA_PERIPH_TO_MEMORY
Dma.ADC5.4.EventEnable=DISABLE
Dma.ADC5.4.Instance=DMA1_Channel8
Dma.ADC5.4.MemDataAlignment=DMA_MDATAALIGN_HALFWORD
Dma.ADC5.4.MemInc=DMA_MINC_ENABLE
Dma.ADC5.4.Mode=DMA_CIRCULAR
Dma.ADC5.4.PeriphDataAlignment=DMA_PDATAALIGN_HALFWORD
Dma.ADC5.4.PeriphInc=DMA_PINC_DISABLE
Dma.ADC5.4.Polarity=HAL_DMAMUX_REQ_GEN_RISING
Dma.ADC5.4.Priority=DMA_PRIORITY_HIGH
Dma.ADC5.4.RequestNumber=1
Dma.ADC5.4.RequestParameters=Instance,Direction,PeriphInc,MemInc,PeriphDataAlignment,MemDataAlignment,Mode,Priority,SignalID,Polarity,RequestNumber,SyncSignalID,SyncPolarity,SyncEnable,EventEnable,SyncRequestNumber
Dma.ADC5.4.SignalID=NONE
Dma.ADC5.4.SyncEnable=DISABLE
Dma.ADC5.4.SyncPolarity=HAL_DMAMUX_SYNC_NO_EVENT
Dma.ADC5.4.SyncRequestNumber=1
Dma.ADC5.4.SyncSignalID=NONE
Dma.FMAC_READ.7.Direction=DMA_PERIPH_TO_MEMORY
Dma.FMAC_READ.7.EventEnable=DISABLE
Dma.FMAC_READ.7.Instance=DMA1_Channel3
Dma.FMAC_READ.7.MemDataAlignment=DMA_MDATAALIGN_HALFWORD
Dma.FMAC_READ.7.MemInc=DMA_MINC_ENABLE
Dma.FMAC_READ.7.Mode=DMA_CIRCULAR
Dma.FMAC_READ.7.PeriphDataAlignment=DMA_PDATAALIGN_WORD
Dma.FMAC_READ.7.PeriphInc=DMA_PINC_DISABLE
Dma.FMAC_READ.7.Polarity=HAL_DMAMUX_REQ_GEN_RISING
Dma.FMAC_READ.7.Priority=DMA_PRIORITY_MEDIUM
Dma.FMAC_READ.7.RequestNumber=1
Dma.FMAC_READ.7.RequestParameters=Instance,Direction,PeriphInc,MemInc,PeriphDataAlignment,MemDataAlignment,Mode,Priority,SignalID,Polarity,RequestNumber,SyncSignalID,SyncPolarity,SyncEnable,EventEnable,SyncRequestNumber
Dma.FMAC_READ.7.SignalID=NONE
Dma.FMAC_READ.7.SyncEnable=DISABLE
Dma.FMAC_READ.7.SyncPolarity=HAL_DMAMUX_SYNC_NO_EVENT
Dma.FMAC_READ.7.SyncRequestNumber=1
Dma.FMAC_READ.7.SyncSignalID=NONE
Dma.Request0=ADC1
Dma.Request1=USART1_TX
Dma.Request2=USART3_TX
Dma.Request3=ADC2
Dma.Request4=ADC5
Dma.Request5=ADC4
Dma.Request6=ADC3
Dma.Request7=FMAC_READ
Dma.RequestsNb=8
Dma.USART1_TX.1.Direction=DMA_MEMORY_TO_PERIPH
Dma.USART1_TX.1.EventEnable=DISABLE
Dma.USART1_TX.1.Instance=DMA2_Channel1
Dma.USART1_TX.1.MemDataAlignment=DMA_MDATAALIGN_BYTE
Dma.USART1_TX.1.MemInc=DMA_MINC_ENABLE
Dma.USART1_TX.1.Mode=DMA_NORMAL
Dma.USART1_TX.1.PeriphDataAlignment=DMA_PDATAALIGN_BYTE
Dma.USART1_TX.1.PeriphInc=DMA_PINC_DISABLE
Dma.USART1_TX.1.Polarity=HAL_DMAMUX_REQ_GEN_RISING
Dma.USART1_TX.1.Priority=DMA_PRIORITY_MEDIUM
Dma.USART1_TX.1.RequestNumber=1
Dma.USART1_TX.1.RequestParameters=Instance,Direction,PeriphInc,MemInc,PeriphDataAlignment,MemDataAlignment,Mode,Priority,SignalID,Polarity,RequestNumber,SyncSignalID,SyncPolarity,SyncEnable,EventEnable,SyncRequestNumber
Dma.USART1_TX.1.SignalID=NONE
Dma.USART1_TX.1.SyncEnable=DISABLE
Dma.USART1_TX.1.SyncPolarity=HAL_DMAMUX_SYNC_NO_EVENT
Dma.USART1_TX.1.SyncRequestNumber=1
Dma.USART1_TX.1.SyncSignalID=NONE
Dma.USART3_TX.2.Direction=DMA_MEMORY_TO_PERIPH
Dma.USART3_TX.2.EventEnable=DISABLE
Dma.USART3_TX.2.Instance=DMA2_Channel2
Dma.USART3_TX.2.MemDataAlignment=DMA_MDATAALIGN_BYTE
Dma.USART3_TX.2.MemInc=DMA_MINC_ENABLE
Dma.USART3_TX.2.Mode=DMA_NORMAL
Dma.USART3_TX.2.PeriphDataAlignment=DMA_PDATAALIGN_BYTE
Dma.USART3_TX.2.PeriphInc=DMA_PINC_DISABLE
Dma.USART3_TX.2.Polarity=HAL_DMAMUX_REQ_GEN_RISING
Dma.USART3_TX.2.Priority=DMA_PRIORITY_LOW
Dma.USART3_TX.2.RequestNumber=1
Dma.USART3_TX.2.RequestParameters=Instance,Direction,PeriphInc,MemInc,PeriphDataAlignment,MemDataAlignment,Mode,Priority,SignalID,Polarity,RequestNumber,SyncSignalID,SyncPolarity,SyncEnable,EventEnable,SyncRequestNumber
Dma.USART3_TX.2.SignalID=NONE
Dma.USART3_TX.2.SyncEnable=DISABLE
Dma.USART3_TX.2.SyncPolarity=HAL_DMAMUX_SYNC_NO_EVENT
Dma.USART3_TX.2.SyncRequestNumber=1
Dma.USART3_TX.2.SyncSignalID=NONE
FDCAN1.AutoRetransmission=DISABLE
FDCAN1.CalculateBaudRateNominal=999999
FDCAN1.CalculateTimeBitNominal=1000
FDCAN1.CalculateTimeQuantumNominal=11.764705882352942
FDCAN1.DataPrescaler=8
FDCAN1.DataSyncJumpWidth=4
FDCAN1.DataTimeSeg1=25
FDCAN1.DataTimeSeg2=8
FDCAN1.ExtFiltersNbr=0
FDCAN1.IPParameters=CalculateTimeQuantumNominal,CalculateTimeBitNominal,CalculateBaudRateNominal,NominalSyncJumpWidth,NominalPrescaler,NominalTimeSeg1,NominalTimeSeg2,DataPrescaler,DataTimeSeg1,DataTimeSeg2,StdFiltersNbr,Mode,ExtFiltersNbr,DataSyncJumpWidth,AutoRetransmission
FDCAN1.Mode=FDCAN_MODE_NORMAL
FDCAN1.NominalPrescaler=2
FDCAN1.NominalSyncJumpWidth=10
FDCAN1.NominalTimeSeg1=63
FDCAN1.NominalTimeSeg2=21
FDCAN1.StdFiltersNbr=1
File.Version=6
GPIO.groupedBy=Group By Peripherals
HRTIM1.ADCTrigger1_Source1=HRTIM_ADCTRIGGEREVENT13_MASTER_CMP4
HRTIM1.ADCTrigger2_Source1=HRTIM_ADCTRIGGEREVENT24_MASTER_CMP4
HRTIM1.ADCTrigger3_Source1=HRTIM_ADCTRIGGEREVENT13_MASTER_CMP4
HRTIM1.ADCTrigger_Id1=HRTIM_ADCTRIGGER_1
HRTIM1.ADCTrigger_Id2=HRTIM_ADCTRIGGER_2
HRTIM1.ADCTrigger_Id3=HRTIM_ADCTRIGGER_3
HRTIM1.CaptureUnit1-Output_TA1TA2=__NULL
HRTIM1.CaptureUnit2-Output_TA1TA2=__NULL
HRTIM1.CompareUnit1-MasterTimer=HRTIM_COMPAREUNIT_1
HRTIM1.CompareUnit1-Output_TA1TA2=__NULL
HRTIM1.CompareUnit1-Output_TB1TB2=__NULL
HRTIM1.CompareUnit2-MasterTimer=HRTIM_COMPAREUNIT_2
HRTIM1.CompareUnit2-Output_TA1TA2=__NULL
HRTIM1.CompareUnit2-Output_TB1TB2=__NULL
HRTIM1.CompareUnit3-MasterTimer=HRTIM_COMPAREUNIT_3
HRTIM1.CompareUnit3-Output_TA1TA2=__NULL
HRTIM1.CompareUnit3-Output_TB1TB2=__NULL
HRTIM1.CompareUnit4-MasterTimer=HRTIM_COMPAREUNIT_4
HRTIM1.CompareUnit4-Output_TA1TA2=__NULL
HRTIM1.CompareValue1-MasterTimer=13600
HRTIM1.CompareValue2-MasterTimer=27200
HRTIM1.CompareValue3-MasterTimer=40800
HRTIM1.CompareValue4-MasterTimer=47600
HRTIM1.Configuration_TA=Waveform
HRTIM1.DeadTimeInsertion-Output_TA1TA2=HRTIM_TIMDEADTIMEINSERTION_ENABLED
HRTIM1.DeadTimeInsertion-Output_TB1TB2=HRTIM_TIMDEADTIMEINSERTION_ENABLED
HRTIM1.Deadtimeconfig-Output_TA1TA2=HRTIM_TIMERINDEX_TIMER_A
HRTIM1.Deadtimeconfig-Output_TB1TB2=HRTIM_TIMERINDEX_TIMER_B
HRTIM1.Event_EEV1=__NULL
HRTIM1.Event_EEV10=__NULL
HRTIM1.Event_EEV2=__NULL
HRTIM1.Event_EEV3=__NULL
HRTIM1.Event_EEV4=__NULL
HRTIM1.Event_EEV5=__NULL
HRTIM1.Event_EEV6=__NULL
HRTIM1.Event_EEV7=__NULL
HRTIM1.Event_EEV8=__NULL
HRTIM1.Event_EEV9=__NULL
HRTIM1.FallingValue-Output_TA1TA2=30
HRTIM1.FallingValue-Output_TB1TB2=30
HRTIM1.FaultLevel1-Output_TA1TA2=HRTIM_OUTPUTFAULTLEVEL_NONE
HRTIM1.FaultLevel1-Output_TB1TB2=HRTIM_OUTPUTFAULTLEVEL_NONE
HRTIM1.FaultLevel2-Output_TA1TA2=HRTIM_OUTPUTFAULTLEVEL_NONE
HRTIM1.FaultLevel2-Output_TB1TB2=HRTIM_OUTPUTFAULTLEVEL_NONE
HRTIM1.Fault_Line1=__NULL
HRTIM1.IPParameters=Periode_MASTER,PrescalerRatio_MASTER,CompareUnit1-MasterTimer,Periode_TA,Deadtimeconfig-Output_TA1TA2,CompareUnit1-Output_TA1TA2,CaptureUnit1-Output_TA1TA2,CaptureUnit2-Output_TA1TA2,CompareUnit2-Output_TA1TA2,CompareUnit3-Output_TA1TA2,CompareUnit4-Output_TA1TA2,Configuration_TA,ModeTimeBase-Output_TA1TA2,Periode_TB,PushPull-Output_TA1TA2,DeadTimeInsertion-Output_TA1TA2,NumberSetSource1-Output_TA1TA2,NumberResetSource1-Output_TA1TA2,ResetOutput1_Source1-Output_TA1TA2,PrescalerRatio_TA,RepetitionCounter-Output_TA1TA2,CompareUnit1-Output_TB1TB2,CompareUnit2-Output_TB1TB2,CompareUnit3-Output_TB1TB2,SyncOptions,ModeTimeBase-MasterTimer,PreloadEnable-MasterTimer,RepetitionUpdate-MasterTimer,InterleavedMode-Output_TA1TA2,RepetitionUpdate-Output_TA1TA2,StartOnSync-MasterTimer,ResetOnSync-MasterTimer,StartOnSync-Output_TA1TA2,ResetOnSync-Output_TA1TA2,StartOnSync-Output_TB1TB2,ResetOnSync-Output_TB1TB2,PreloadEnable-Output_TB1TB2,RepetitionUpdate-Output_TB1TB2,Event_EEV1,CompareValue1-MasterTimer,PreloadEnable-Output_TA1TA2,SwapA,SetOutput1_Source1-Output_TA1TA2,FaultLevel1-Output_TA1TA2,FaultLevel2-Output_TA1TA2,PushPull-Output_TB1TB2,NumberSetSource1-Output_TB1TB2,SetOutput1_Source1-Output_TB1TB2,NumberResetSource1-Output_TB1TB2,ResetOutput1_Source1-Output_TB1TB2,NumberResetSource2_TB,FaultLevel1-Output_TB1TB2,FaultLevel2-Output_TB1TB2,NumberResetTrigger-Output_TA1TA2,CompareUnit2-MasterTimer,CompareUnit3-MasterTimer,CompareValue2-MasterTimer,CompareValue3-MasterTimer,NumberUpdateTrigger-Output_TA1TA2,UpdateTrigger1-Output_TA1TA2,DeadTimeInsertion-Output_TB1TB2,NumberUpdateTrigger-Output_TB1TB2,UpdateTrigger1-Output_TB1TB2,NumberSetSource2_TA,NumberSetSource2_TB,Deadtimeconfig-Output_TB1TB2,RisingValue-Output_TA1TA2,FallingValue-Output_TA1TA2,RisingValue-Output_TB1TB2,FallingValue-Output_TB1TB2,PrescalerDead-Output_TB1TB2,PrescalerDead-Output_TA1TA2,SwapB,Event_EEV2,Event_EEV3,Event_EEV4,Event_EEV5,Event_EEV6,Event_EEV7,Event_EEV8,Event_EEV9,Event_EEV10,ADCTrigger_Id1,NumberADCTriggerSource1,ADCTrigger1_Source1,postscaler1,CompareUnit4-MasterTimer,NumberInterruptRequests_Master-MasterTimer,CompareValue4-MasterTimer,Fault_Line1,ADCTrigger_Id2,NumberADCTriggerSource2,ADCTrigger2_Source1,postscaler2,ADCTrigger_Id3,NumberADCTriggerSource3,postscaler3,ADCTrigger3_Source1
HRTIM1.InterleavedMode-Output_TA1TA2=HRTIM_INTERLEAVED_MODE_DISABLED
HRTIM1.ModeTimeBase-MasterTimer=HRTIM_MODE_CONTINUOUS
HRTIM1.ModeTimeBase-Output_TA1TA2=HRTIM_MODE_CONTINUOUS
HRTIM1.NumberADCTriggerSource1=1
HRTIM1.NumberADCTriggerSource2=1
HRTIM1.NumberADCTriggerSource3=1
HRTIM1.NumberInterruptRequests_Master-MasterTimer=0
HRTIM1.NumberResetSource1-Output_TA1TA2=1
HRTIM1.NumberResetSource1-Output_TB1TB2=1
HRTIM1.NumberResetSource2_TB=0
HRTIM1.NumberResetTrigger-Output_TA1TA2=0
HRTIM1.NumberSetSource1-Output_TA1TA2=1
HRTIM1.NumberSetSource1-Output_TB1TB2=1
HRTIM1.NumberSetSource2_TA=0
HRTIM1.NumberSetSource2_TB=0
HRTIM1.NumberUpdateTrigger-Output_TA1TA2=1
HRTIM1.NumberUpdateTrigger-Output_TB1TB2=1
HRTIM1.Periode_MASTER=54400
HRTIM1.Periode_TA=0xd480
HRTIM1.Periode_TB=0xd480
HRTIM1.PreloadEnable-MasterTimer=HRTIM_PRELOAD_ENABLED
HRTIM1.PreloadEnable-Output_TA1TA2=HRTIM_PRELOAD_ENABLED
HRTIM1.PreloadEnable-Output_TB1TB2=HRTIM_PRELOAD_ENABLED
HRTIM1.PrescalerDead-Output_TA1TA2=HRTIM_TIMDEADTIME_PRESCALERRATIO_MUL8
HRTIM1.PrescalerDead-Output_TB1TB2=HRTIM_TIMDEADTIME_PRESCALERRATIO_MUL8
HRTIM1.PrescalerRatio_MASTER=HRTIM_PRESCALERRATIO_MUL32
HRTIM1.PrescalerRatio_TA=HRTIM_PRESCALERRATIO_MUL32
HRTIM1.PushPull-Output_TA1TA2=HRTIM_TIMPUSHPULLMODE_DISABLED
HRTIM1.PushPull-Output_TB1TB2=HRTIM_TIMPUSHPULLMODE_DISABLED
HRTIM1.RepetitionCounter-Output_TA1TA2=0x00
HRTIM1.RepetitionUpdate-MasterTimer=HRTIM_UPDATEONREPETITION_ENABLED
HRTIM1.RepetitionUpdate-Output_TA1TA2=HRTIM_UPDATEONREPETITION_ENABLED
HRTIM1.RepetitionUpdate-Output_TB1TB2=HRTIM_UPDATEONREPETITION_ENABLED
HRTIM1.ResetOnSync-MasterTimer=HRTIM_SYNCRESET_DISABLED
HRTIM1.ResetOnSync-Output_TA1TA2=HRTIM_SYNCRESET_DISABLED
HRTIM1.ResetOnSync-Output_TB1TB2=HRTIM_SYNCRESET_DISABLED
HRTIM1.ResetOutput1_Source1-Output_TA1TA2=HRTIM_OUTPUTRESET_MASTERPER
HRTIM1.ResetOutput1_Source1-Output_TB1TB2=HRTIM_OUTPUTRESET_MASTERCMP3
HRTIM1.RisingValue-Output_TA1TA2=30
HRTIM1.RisingValue-Output_TB1TB2=30
HRTIM1.SetOutput1_Source1-Output_TA1TA2=HRTIM_OUTPUTSET_MASTERCMP1
HRTIM1.SetOutput1_Source1-Output_TB1TB2=HRTIM_OUTPUTSET_MASTERCMP2
HRTIM1.StartOnSync-MasterTimer=HRTIM_SYNCSTART_DISABLED
HRTIM1.StartOnSync-Output_TA1TA2=HRTIM_SYNCSTART_DISABLED
HRTIM1.StartOnSync-Output_TB1TB2=HRTIM_SYNCSTART_DISABLED
HRTIM1.SwapA=__NULL
HRTIM1.SwapB=__NULL
HRTIM1.SyncOptions=HRTIM_SYNCOPTION_NONE
HRTIM1.UpdateTrigger1-Output_TA1TA2=HRTIM_TIMUPDATETRIGGER_MASTER
HRTIM1.UpdateTrigger1-Output_TB1TB2=HRTIM_TIMUPDATETRIGGER_MASTER
HRTIM1.postscaler1=0x0
HRTIM1.postscaler2=0x7
HRTIM1.postscaler3=0x1
IWDG.IPParameters=Prescaler,Reload
IWDG.Prescaler=IWDG_PRESCALER_16
IWDG.Reload=4095
KeepUserPlacement=false
Mcu.CPN=STM32G474RBT6
Mcu.Family=STM32G4
Mcu.IP0=ADC1
Mcu.IP1=ADC2
Mcu.IP10=NVIC
Mcu.IP11=OPAMP1
Mcu.IP12=OPAMP2
Mcu.IP13=OPAMP4
Mcu.IP14=RCC
Mcu.IP15=SYS
Mcu.IP16=TIM1
Mcu.IP17=USART1
Mcu.IP18=USART3
Mcu.IP2=ADC3
Mcu.IP3=ADC4
Mcu.IP4=ADC5
Mcu.IP5=DMA
Mcu.IP6=FDCAN1
Mcu.IP7=FMAC
Mcu.IP8=HRTIM1
Mcu.IP9=IWDG
Mcu.IPNb=19
Mcu.Name=STM32G474R(B-C-E)Tx
Mcu.Package=LQFP64
Mcu.Pin0=PF0-OSC_IN
Mcu.Pin1=PF1-OSC_OUT
Mcu.Pin10=PB14
Mcu.Pin11=PA8
Mcu.Pin12=PA9
Mcu.Pin13=PA10
Mcu.Pin14=PA11
Mcu.Pin15=PA13
Mcu.Pin16=PA14
Mcu.Pin17=PC10
Mcu.Pin18=PC11
Mcu.Pin19=PB6
Mcu.Pin2=PC0
Mcu.Pin20=PB7
Mcu.Pin21=PB8-BOOT0
Mcu.Pin22=PB9
Mcu.Pin23=VP_ADC1_OPAMP_INTERNAL1
Mcu.Pin24=VP_ADC2_OPAMP_INTERNAL2
Mcu.Pin25=VP_ADC5_OPAMP_INTERNAL4
Mcu.Pin26=VP_FMAC_VS_FMAC
Mcu.Pin27=VP_HRTIM1_VS_hrtimMasterTimerNoOutput
Mcu.Pin28=VP_IWDG_VS_IWDG
Mcu.Pin29=VP_SYS_V_VREFBUF
Mcu.Pin3=PC1
Mcu.Pin30=VP_SYS_VS_Systick
Mcu.Pin31=VP_SYS_VS_DBSignals
Mcu.Pin32=VP_TIM1_VS_ClockSourceINT
Mcu.Pin33=VP_STMicroelectronics.X-CUBE-ALGOBUILD_VS_DSPOoLibraryJjLibrary_1.4.0_1.4.0
Mcu.Pin4=PC2
Mcu.Pin5=PA2
Mcu.Pin6=PA3
Mcu.Pin7=PA7
Mcu.Pin8=PB1
Mcu.Pin9=PB11
Mcu.PinsNb=34
Mcu.ThirdParty0=STMicroelectronics.X-CUBE-ALGOBUILD.1.4.0
Mcu.ThirdPartyNb=1
Mcu.UserConstants=
Mcu.UserName=STM32G474RBTx
MxCube.Version=6.13.0
MxDb.Version=DB.6.0.130
NVIC.BusFault_IRQn=true\:0\:0\:false\:false\:true\:false\:false\:false
NVIC.DMA1_Channel1_IRQn=true\:0\:0\:false\:false\:true\:false\:true\:true
NVIC.DMA1_Channel2_IRQn=true\:0\:0\:false\:false\:true\:false\:true\:true
NVIC.DMA1_Channel3_IRQn=true\:0\:0\:false\:false\:true\:false\:true\:true
NVIC.DMA1_Channel5_IRQn=true\:0\:0\:false\:false\:true\:false\:true\:true
NVIC.DMA1_Channel7_IRQn=true\:0\:0\:false\:false\:true\:false\:true\:true
NVIC.DMA1_Channel8_IRQn=true\:0\:0\:false\:false\:true\:false\:true\:true
NVIC.DMA2_Channel1_IRQn=true\:0\:0\:false\:false\:true\:false\:true\:true
NVIC.DMA2_Channel2_IRQn=true\:0\:0\:false\:false\:true\:false\:true\:true
NVIC.DebugMonitor_IRQn=true\:0\:0\:false\:false\:true\:false\:false\:false
NVIC.FDCAN1_IT0_IRQn=true\:0\:0\:false\:false\:true\:true\:true\:true
NVIC.ForceEnableDMAVector=true
NVIC.HardFault_IRQn=true\:0\:0\:false\:false\:true\:false\:false\:false
NVIC.MemoryManagement_IRQn=true\:0\:0\:false\:false\:true\:false\:false\:false
NVIC.NonMaskableInt_IRQn=true\:0\:0\:false\:false\:true\:false\:false\:false
NVIC.PendSV_IRQn=true\:0\:0\:false\:false\:true\:false\:false\:false
NVIC.PriorityGroup=NVIC_PRIORITYGROUP_4
NVIC.SVCall_IRQn=true\:0\:0\:false\:false\:true\:false\:false\:false
NVIC.SysTick_IRQn=true\:15\:0\:false\:false\:true\:false\:true\:false
NVIC.TIM1_UP_TIM16_IRQn=true\:2\:0\:true\:false\:true\:true\:true\:true
NVIC.USART1_IRQn=true\:3\:0\:true\:false\:true\:true\:true\:true
NVIC.USART3_IRQn=true\:1\:0\:true\:false\:true\:true\:true\:true
NVIC.UsageFault_IRQn=true\:0\:0\:false\:false\:true\:false\:false\:false
OPAMP1.IPParameters=PowerMode,UserTrimming,SelfCalibration
OPAMP1.PowerMode=OPAMP_POWERMODE_HIGHSPEED
OPAMP1.SelfCalibration=Enable
OPAMP1.UserTrimming=OPAMP_TRIMMING_USER
OPAMP2.IPParameters=UserTrimming,SelfCalibration,PowerMode
OPAMP2.PowerMode=OPAMP_POWERMODE_HIGHSPEED
OPAMP2.SelfCalibration=Enable
OPAMP2.UserTrimming=OPAMP_TRIMMING_USER
OPAMP4.IPParameters=PowerMode,UserTrimming,SelfCalibration
OPAMP4.PowerMode=OPAMP_POWERMODE_HIGHSPEED
OPAMP4.SelfCalibration=Enable
OPAMP4.UserTrimming=OPAMP_TRIMMING_USER
PA10.GPIOParameters=GPIO_PuPd
PA10.GPIO_PuPd=GPIO_PULLDOWN
PA10.Locked=true
PA10.Mode=Output_TB1TB2
PA10.Signal=HRTIM1_CHB1
PA11.GPIOParameters=GPIO_PuPd
PA11.GPIO_PuPd=GPIO_PULLDOWN
PA11.Locked=true
PA11.Mode=Output_TB1TB2
PA11.Signal=HRTIM1_CHB2
PA13.Locked=true
PA13.Mode=Serial_Wire
PA13.Signal=SYS_JTMS-SWDIO
PA14.Locked=true
PA14.Mode=Serial_Wire
PA14.Signal=SYS_JTCK-SWCLK
PA2.GPIOParameters=GPIO_Label
PA2.GPIO_Label=BUZZ
PA2.Locked=true
PA2.Signal=GPIO_Output
PA3.Locked=true
PA3.Mode=Follower_Internally_Connected
PA3.Signal=OPAMP1_VINP
PA7.Locked=true
PA7.Mode=Follower_Internally_Connected
PA7.Signal=OPAMP2_VINP
PA8.GPIOParameters=GPIO_PuPd
PA8.GPIO_PuPd=GPIO_PULLDOWN
PA8.Locked=true
PA8.Mode=Output_TA1TA2
PA8.Signal=HRTIM1_CHA1
PA9.GPIOParameters=GPIO_PuPd
PA9.GPIO_PuPd=GPIO_PULLDOWN
PA9.Locked=true
PA9.Mode=Output_TA1TA2
PA9.Signal=HRTIM1_CHA2
PB1.Locked=true
PB1.Mode=IN1-Single-Ended
PB1.Signal=ADC3_IN1
PB11.Locked=true
PB11.Mode=Follower_Internally_Connected
PB11.Signal=OPAMP4_VINP
PB14.Locked=true
PB14.Mode=IN4-Single-Ended
PB14.Signal=ADC4_IN4
PB6.GPIOParameters=GPIO_Speed,GPIO_FM6
PB6.GPIO_FM6=SYSCFG_FASTMODEPLUS_PB6
PB6.GPIO_Speed=GPIO_SPEED_FREQ_VERY_HIGH
PB6.Locked=true
PB6.Mode=Asynchronous
PB6.Signal=USART1_TX
PB7.GPIOParameters=GPIO_Speed,GPIO_FM7
PB7.GPIO_FM7=SYSCFG_FASTMODEPLUS_PB7
PB7.GPIO_Speed=GPIO_SPEED_FREQ_VERY_HIGH
PB7.Locked=true
PB7.Mode=Asynchronous
PB7.Signal=USART1_RX
PB8-BOOT0.GPIOParameters=GPIO_Speed,GPIO_PuPd,GPIO_FM8,GPIO_Mode
PB8-BOOT0.GPIO_FM8=SYSCFG_FASTMODEPLUS_PB8
PB8-BOOT0.GPIO_Mode=GPIO_MODE_AF_PP
PB8-BOOT0.GPIO_PuPd=GPIO_NOPULL
PB8-BOOT0.GPIO_Speed=GPIO_SPEED_FREQ_VERY_HIGH
PB8-BOOT0.Locked=true
PB8-BOOT0.Mode=FDCAN_Activate
PB8-BOOT0.Signal=FDCAN1_RX
PB9.GPIOParameters=GPIO_Speed,GPIO_FM8,GPIO_FM9
PB9.GPIO_FM8=__NULL
PB9.GPIO_FM9=SYSCFG_FASTMODEPLUS_PB9
PB9.GPIO_Speed=GPIO_SPEED_FREQ_VERY_HIGH
PB9.Locked=true
PB9.Mode=FDCAN_Activate
PB9.Signal=FDCAN1_TX
PC0.GPIOParameters=GPIO_Label
PC0.GPIO_Label=LED1
PC0.Locked=true
PC0.Signal=GPIO_Output
PC1.GPIOParameters=GPIO_Label
PC1.GPIO_Label=LED2
PC1.Locked=true
PC1.Signal=GPIO_Output
PC10.GPIOParameters=GPIO_Speed
PC10.GPIO_Speed=GPIO_SPEED_FREQ_VERY_HIGH
PC10.Locked=true
PC10.Mode=Asynchronous
PC10.Signal=USART3_TX
PC11.GPIOParameters=GPIO_Speed
PC11.GPIO_Speed=GPIO_SPEED_FREQ_VERY_HIGH
PC11.Mode=Asynchronous
PC11.Signal=USART3_RX
PC2.GPIOParameters=GPIO_Label
PC2.GPIO_Label=LED3
PC2.Locked=true
PC2.Signal=GPIO_Output
PF0-OSC_IN.Locked=true
PF0-OSC_IN.Mode=HSE-External-Oscillator
PF0-OSC_IN.Signal=RCC_OSC_IN
PF1-OSC_OUT.Locked=true
PF1-OSC_OUT.Mode=HSE-External-Oscillator
PF1-OSC_OUT.Signal=RCC_OSC_OUT
PinOutPanel.RotationAngle=0
ProjectManager.AskForMigrate=true
ProjectManager.BackupPrevious=false
ProjectManager.CompilerOptimize=6
ProjectManager.ComputerToolchain=false
ProjectManager.CoupleFile=true
ProjectManager.CustomerFirmwarePackage=C\:\\Users\\huanruoxinghe\\STM32Cube\\Repository\\STM32Cube_FW_G4_V1.5.2
ProjectManager.DefaultFWLocation=false
ProjectManager.DeletePrevious=true
ProjectManager.DeviceId=STM32G474RBTx
ProjectManager.FirmwarePackage=STM32Cube FW_G4 V1.6.0
ProjectManager.FreePins=false
ProjectManager.HalAssertFull=false
ProjectManager.HeapSize=0x200
ProjectManager.KeepUserCode=true
ProjectManager.LastFirmware=false
ProjectManager.LibraryCopy=1
ProjectManager.MainLocation=Core/Src
ProjectManager.NoMain=false
ProjectManager.PreviousToolchain=
ProjectManager.ProjectBuild=false
ProjectManager.ProjectFileName=RM2025_SuperCapController_G4_FMAC.ioc
ProjectManager.ProjectName=RM2025_SuperCapController_G4_FMAC
ProjectManager.ProjectStructure=
ProjectManager.RegisterCallBack=
ProjectManager.StackSize=0x400
ProjectManager.TargetToolchain=MDK-ARM V5.32
ProjectManager.ToolChainLocation=
ProjectManager.UAScriptAfterPath=
ProjectManager.UAScriptBeforePath=
ProjectManager.UnderRoot=false
ProjectManager.functionlistsort=1-SystemClock_Config-RCC-false-HAL-false,2-MX_GPIO_Init-GPIO-false-HAL-true,3-MX_DMA_Init-DMA-false-HAL-true,4-MX_HRTIM1_Init-HRTIM1-false-HAL-true,5-MX_ADC1_Init-ADC1-false-HAL-true,6-MX_ADC2_Init-ADC2-false-HAL-true,7-MX_ADC3_Init-ADC3-false-HAL-true,8-MX_ADC4_Init-ADC4-false-HAL-true,9-MX_ADC5_Init-ADC5-false-HAL-true,10-MX_OPAMP1_Init-OPAMP1-false-HAL-true,11-MX_OPAMP4_Init-OPAMP4-false-HAL-true,12-MX_USART1_UART_Init-USART1-false-HAL-true,13-MX_USART3_UART_Init-USART3-false-HAL-true,14-MX_OPAMP2_Init-OPAMP2-false-HAL-true,15-MX_TIM1_Init-TIM1-false-HAL-true,16-MX_FDCAN1_Init-FDCAN1-false-HAL-true,17-MX_IWDG_Init-IWDG-false-HAL-true,18-MX_FMAC_Init-FMAC-false-HAL-true
RCC.ADC12Freq_Value=170000000
RCC.ADC345Freq_Value=170000000
RCC.AHBFreq_Value=170000000
RCC.APB1Freq_Value=170000000
RCC.APB1TimFreq_Value=170000000
RCC.APB2Freq_Value=170000000
RCC.APB2TimFreq_Value=170000000
RCC.CRSFreq_Value=48000000
RCC.CortexFreq_Value=170000000
RCC.EXTERNAL_CLOCK_VALUE=12288000
RCC.FCLKCortexFreq_Value=170000000
RCC.FDCANFreq_Value=170000000
RCC.FamilyName=M
RCC.HCLKFreq_Value=170000000
RCC.HSE_VALUE=12000000
RCC.HSI48_VALUE=48000000
RCC.HSI_VALUE=16000000
RCC.I2C1Freq_Value=170000000
RCC.I2C2Freq_Value=170000000
RCC.I2C3Freq_Value=170000000
RCC.I2C4Freq_Value=170000000
RCC.I2SFreq_Value=170000000
RCC.IPParameters=ADC12Freq_Value,ADC345Freq_Value,AHBFreq_Value,APB1Freq_Value,APB1TimFreq_Value,APB2Freq_Value,APB2TimFreq_Value,CRSFreq_Value,CortexFreq_Value,EXTERNAL_CLOCK_VALUE,FCLKCortexFreq_Value,FDCANFreq_Value,FamilyName,HCLKFreq_Value,HSE_VALUE,HSI48_VALUE,HSI_VALUE,I2C1Freq_Value,I2C2Freq_Value,I2C3Freq_Value,I2C4Freq_Value,I2SFreq_Value,LPTIM1Freq_Value,LPUART1Freq_Value,LSCOPinFreq_Value,LSE_VALUE,LSI_VALUE,MCO1PinFreq_Value,PLLM,PLLN,PLLPoutputFreq_Value,PLLQoutputFreq_Value,PLLRCLKFreq_Value,PLLSourceVirtual,PWRFreq_Value,QSPIFreq_Value,RNGFreq_Value,SAI1Freq_Value,SYSCLKFreq_VALUE,SYSCLKSource,UART4Freq_Value,UART5Freq_Value,USART1Freq_Value,USART2Freq_Value,USART3Freq_Value,USBFreq_Value,VCOInputFreq_Value,VCOOutputFreq_Value
RCC.LPTIM1Freq_Value=170000000
RCC.LPUART1Freq_Value=170000000
RCC.LSCOPinFreq_Value=32000
RCC.LSE_VALUE=32768
RCC.LSI_VALUE=32000
RCC.MCO1PinFreq_Value=16000000
RCC.PLLM=RCC_PLLM_DIV3
RCC.PLLN=85
RCC.PLLPoutputFreq_Value=170000000
RCC.PLLQoutputFreq_Value=170000000
RCC.PLLRCLKFreq_Value=170000000
RCC.PLLSourceVirtual=RCC_PLLSOURCE_HSE
RCC.PWRFreq_Value=170000000
RCC.QSPIFreq_Value=170000000
RCC.RNGFreq_Value=170000000
RCC.SAI1Freq_Value=170000000
RCC.SYSCLKFreq_VALUE=170000000
RCC.SYSCLKSource=RCC_SYSCLKSOURCE_PLLCLK
RCC.UART4Freq_Value=170000000
RCC.UART5Freq_Value=170000000
RCC.USART1Freq_Value=170000000
RCC.USART2Freq_Value=170000000
RCC.USART3Freq_Value=170000000
RCC.USBFreq_Value=170000000
RCC.VCOInputFreq_Value=4000000
RCC.VCOOutputFreq_Value=340000000
STMicroelectronics.X-CUBE-ALGOBUILD.1.4.0.DSPOoLibraryJjLibrary_Checked=true
STMicroelectronics.X-CUBE-ALGOBUILD.1.4.0.IPParameters=LibraryCcDSPOoLibraryJjDSPOoLibrary
STMicroelectronics.X-CUBE-ALGOBUILD.1.4.0.LibraryCcDSPOoLibraryJjDSPOoLibrary=true
STMicroelectronics.X-CUBE-ALGOBUILD.1.4.0_SwParameter=LibraryCcDSPOoLibraryJjDSPOoLibrary\:true;
TIM1.IPParameters=PeriodNoDither,Prescaler
TIM1.PeriodNoDither=19
TIM1.Prescaler=170-1
USART1.AutoBaudRateEnableParam=UART_ADVFEATURE_AUTOBAUDRATE_DISABLE
USART1.BaudRate=15000000
USART1.FIFOMode=FIFOMODE_ENABLE
USART1.IPParameters=VirtualMode-Asynchronous,AutoBaudRateEnableParam,BaudRate,FIFOMode,TXFIFOThreshold,RXFIFOThreshold,OverSampling,WordLength,Parity,StopBits
USART1.OverSampling=UART_OVERSAMPLING_8
USART1.Parity=PARITY_NONE
USART1.RXFIFOThreshold=RXFIFO_THRESHOLD_HALFFULL
USART1.StopBits=STOPBITS_1
USART1.TXFIFOThreshold=TXFIFO_THRESHOLD_HALFFULL
USART1.VirtualMode-Asynchronous=VM_ASYNC
USART1.WordLength=WORDLENGTH_8B
USART3.BaudRate=115200
USART3.DMADisableonRxErrorParam=ADVFEATURE_DMA_DISABLEONRXERROR
USART3.IPParameters=VirtualMode-Asynchronous,BaudRate,SwapParam,DMADisableonRxErrorParam
USART3.SwapParam=ADVFEATURE_SWAP_DISABLE
USART3.VirtualMode-Asynchronous=VM_ASYNC
VP_ADC1_OPAMP_INTERNAL1.Mode=IN-OPAMP1
VP_ADC1_OPAMP_INTERNAL1.Signal=ADC1_OPAMP_INTERNAL1
VP_ADC2_OPAMP_INTERNAL2.Mode=IN-OPAMP2
VP_ADC2_OPAMP_INTERNAL2.Signal=ADC2_OPAMP_INTERNAL2
VP_ADC5_OPAMP_INTERNAL4.Mode=IN-OPAMP4
VP_ADC5_OPAMP_INTERNAL4.Signal=ADC5_OPAMP_INTERNAL4
VP_FMAC_VS_FMAC.Mode=FMAC_Activate
VP_FMAC_VS_FMAC.Signal=FMAC_VS_FMAC
VP_HRTIM1_VS_hrtimMasterTimerNoOutput.Mode=MasterTimer
VP_HRTIM1_VS_hrtimMasterTimerNoOutput.Signal=HRTIM1_VS_hrtimMasterTimerNoOutput
VP_IWDG_VS_IWDG.Mode=IWDG_Activate
VP_IWDG_VS_IWDG.Signal=IWDG_VS_IWDG
VP_STMicroelectronics.X-CUBE-ALGOBUILD_VS_DSPOoLibraryJjLibrary_1.4.0_1.4.0.Mode=DSPOoLibraryJjLibrary
VP_STMicroelectronics.X-CUBE-ALGOBUILD_VS_DSPOoLibraryJjLibrary_1.4.0_1.4.0.Signal=STMicroelectronics.X-CUBE-ALGOBUILD_VS_DSPOoLibraryJjLibrary_1.4.0_1.4.0
VP_SYS_VS_DBSignals.Mode=DisableDeadBatterySignals
VP_SYS_VS_DBSignals.Signal=SYS_VS_DBSignals
VP_SYS_VS_Systick.Mode=SysTick
VP_SYS_VS_Systick.Signal=SYS_VS_Systick
VP_SYS_V_VREFBUF.Mode=ExternalMode
VP_SYS_V_VREFBUF.Signal=SYS_V_VREFBUF
VP_TIM1_VS_ClockSourceINT.Mode=Internal
VP_TIM1_VS_ClockSourceINT.Signal=TIM1_VS_ClockSourceINT
board=custom
